
Microsoft Visual Studio Solution File, Format Version 12.00
# Visual Studio Version 17
VisualStudioVersion = 17.8.34316.72
MinimumVisualStudioVersion = 10.0.40219.1
Project("{FAE04EC0-301F-11D3-BF4B-00C04F79EFBC}") = "SQL_Servicio", "SQL_Servicio\SQL_Servicio.csproj", "{0DC60B7F-A314-4085-B178-C44A4BA44FDA}"
EndProject
Global
	GlobalSection(SolutionConfigurationPlatforms) = preSolution
		Debug|Any CPU = Debug|Any CPU
		Release|Any CPU = Release|Any CPU
	EndGlobalSection
	GlobalSection(ProjectConfigurationPlatforms) = postSolution
		{0DC60B7F-A314-4085-B178-C44A4BA44FDA}.Debug|Any CPU.ActiveCfg = Debug|Any CPU
		{0DC60B7F-A314-4085-B178-C44A4BA44FDA}.Debug|Any CPU.Build.0 = Debug|Any CPU
		{0DC60B7F-A314-4085-B178-C44A4BA44FDA}.Release|Any CPU.ActiveCfg = Release|Any CPU
		{0DC60B7F-A314-4085-B178-C44A4BA44FDA}.Release|Any CPU.Build.0 = Release|Any CPU
	EndGlobalSection
	GlobalSection(SolutionProperties) = preSolution
		HideSolutionNode = FALSE
	EndGlobalSection
	GlobalSection(ExtensibilityGlobals) = postSolution
		SolutionGuid = {298EE9F9-2FE4-497D-9B16-355DA940F515}
	EndGlobalSection
EndGlobal
